// !$*UTF8*$!
{
	archiveVersion = 1;
	classes = {
	};
	objectVersion = 46;
	objects = {

/* Begin PBXBuildFile section */
		26E863CB1ECAD36400C495A1 /* Main.storyboard in Resources */ = {isa = PBXBuildFile; fileRef = 26E863C91ECAD36400C495A1 /* Main.storyboard */; };
		26E863CD1ECAD36400C495A1 /* Assets.xcassets in Resources */ = {isa = PBXBuildFile; fileRef = 26E863CC1ECAD36400C495A1 /* Assets.xcassets */; };
		26E863D01ECAD36400C495A1 /* LaunchScreen.storyboard in Resources */ = {isa = PBXBuildFile; fileRef = 26E863CE1ECAD36400C495A1 /* LaunchScreen.storyboard */; };
		26E863DB1ECAD36400C495A1 /* _00000wp_iOSTests.swift in Sources */ = {isa = PBXBuildFile; fileRef = 26E863DA1ECAD36400C495A1 /* _00000wp_iOSTests.swift */; };
		26E863E61ECAD36400C495A1 /* _00000wp_iOSUITests.swift in Sources */ = {isa = PBXBuildFile; fileRef = 26E863E51ECAD36400C495A1 /* _00000wp_iOSUITests.swift */; };
		6ED409991ECB23720084E0A0 /* AppDelegate.swift in Sources */ = {isa = PBXBuildFile; fileRef = 6ED409951ECB23720084E0A0 /* AppDelegate.swift */; };
		6ED4099A1ECB23720084E0A0 /* ViewController.swift in Sources */ = {isa = PBXBuildFile; fileRef = 6ED409971ECB23720084E0A0 /* ViewController.swift */; };
		6ED409A11ECB27980084E0A0 /* NavigationVC.swift in Sources */ = {isa = PBXBuildFile; fileRef = 6ED409A01ECB27980084E0A0 /* NavigationVC.swift */; };
		6ED409A31ECB27AB0084E0A0 /* TabBarVC.swift in Sources */ = {isa = PBXBuildFile; fileRef = 6ED409A21ECB27AB0084E0A0 /* TabBarVC.swift */; };
		6ED409A51ECB27C50084E0A0 /* BaseVCViewController.swift in Sources */ = {isa = PBXBuildFile; fileRef = 6ED409A41ECB27C50084E0A0 /* BaseVCViewController.swift */; };
		9E554ADEF8423F4FB6BAAB83 /* Pods_100000wp_iOS.framework in Frameworks */ = {isa = PBXBuildFile; fileRef = 2F22A4A811DA392D042EB9D2 /* Pods_100000wp_iOS.framework */; };
/* End PBXBuildFile section */

/* Begin PBXContainerItemProxy section */
		26E863D71ECAD36400C495A1 /* PBXContainerItemProxy */ = {
			isa = PBXContainerItemProxy;
			containerPortal = 26E863BA1ECAD36400C495A1 /* Project object */;
			proxyType = 1;
			remoteGlobalIDString = 26E863C11ECAD36400C495A1;
			remoteInfo = 100000wp_iOS;
		};
		26E863E21ECAD36400C495A1 /* PBXContainerItemProxy */ = {
			isa = PBXContainerItemProxy;
			containerPortal = 26E863BA1ECAD36400C495A1 /* Project object */;
			proxyType = 1;
			remoteGlobalIDString = 26E863C11ECAD36400C495A1;
			remoteInfo = 100000wp_iOS;
		};
/* End PBXContainerItemProxy section */

/* Begin PBXFileReference section */
		0BFF0872B085039105C02475 /* Pods-100000wp_iOS.debug.xcconfig */ = {isa = PBXFileReference; includeInIndex = 1; lastKnownFileType = text.xcconfig; name = "Pods-100000wp_iOS.debug.xcconfig"; path = "Pods/Target Support Files/Pods-100000wp_iOS/Pods-100000wp_iOS.debug.xcconfig"; sourceTree = "<group>"; };
		26E863C21ECAD36400C495A1 /* 100000wp_iOS.app */ = {isa = PBXFileReference; explicitFileType = wrapper.application; includeInIndex = 0; path = 100000wp_iOS.app; sourceTree = BUILT_PRODUCTS_DIR; };
		26E863CA1ECAD36400C495A1 /* Base */ = {isa = PBXFileReference; lastKnownFileType = file.storyboard; name = Base; path = Base.lproj/Main.storyboard; sourceTree = "<group>"; };
		26E863CC1ECAD36400C495A1 /* Assets.xcassets */ = {isa = PBXFileReference; lastKnownFileType = folder.assetcatalog; path = Assets.xcassets; sourceTree = "<group>"; };
		26E863CF1ECAD36400C495A1 /* Base */ = {isa = PBXFileReference; lastKnownFileType = file.storyboard; name = Base; path = Base.lproj/LaunchScreen.storyboard; sourceTree = "<group>"; };
		26E863D11ECAD36400C495A1 /* Info.plist */ = {isa = PBXFileReference; lastKnownFileType = text.plist.xml; path = Info.plist; sourceTree = "<group>"; };
		26E863D61ECAD36400C495A1 /* 100000wp_iOSTests.xctest */ = {isa = PBXFileReference; explicitFileType = wrapper.cfbundle; includeInIndex = 0; path = 100000wp_iOSTests.xctest; sourceTree = BUILT_PRODUCTS_DIR; };
		26E863DA1ECAD36400C495A1 /* _00000wp_iOSTests.swift */ = {isa = PBXFileReference; lastKnownFileType = sourcecode.swift; path = _00000wp_iOSTests.swift; sourceTree = "<group>"; };
		26E863DC1ECAD36400C495A1 /* Info.plist */ = {isa = PBXFileReference; lastKnownFileType = text.plist.xml; path = Info.plist; sourceTree = "<group>"; };
		26E863E11ECAD36400C495A1 /* 100000wp_iOSUITests.xctest */ = {isa = PBXFileReference; explicitFileType = wrapper.cfbundle; includeInIndex = 0; path = 100000wp_iOSUITests.xctest; sourceTree = BUILT_PRODUCTS_DIR; };
		26E863E51ECAD36400C495A1 /* _00000wp_iOSUITests.swift */ = {isa = PBXFileReference; lastKnownFileType = sourcecode.swift; path = _00000wp_iOSUITests.swift; sourceTree = "<group>"; };
		26E863E71ECAD36400C495A1 /* Info.plist */ = {isa = PBXFileReference; lastKnownFileType = text.plist.xml; path = Info.plist; sourceTree = "<group>"; };
		2F22A4A811DA392D042EB9D2 /* Pods_100000wp_iOS.framework */ = {isa = PBXFileReference; explicitFileType = wrapper.framework; includeInIndex = 0; path = Pods_100000wp_iOS.framework; sourceTree = BUILT_PRODUCTS_DIR; };
		6ED409951ECB23720084E0A0 /* AppDelegate.swift */ = {isa = PBXFileReference; fileEncoding = 4; lastKnownFileType = sourcecode.swift; path = AppDelegate.swift; sourceTree = "<group>"; };
		6ED409971ECB23720084E0A0 /* ViewController.swift */ = {isa = PBXFileReference; fileEncoding = 4; lastKnownFileType = sourcecode.swift; path = ViewController.swift; sourceTree = "<group>"; };
		6ED409A01ECB27980084E0A0 /* NavigationVC.swift */ = {isa = PBXFileReference; fileEncoding = 4; lastKnownFileType = sourcecode.swift; path = NavigationVC.swift; sourceTree = "<group>"; };
		6ED409A21ECB27AB0084E0A0 /* TabBarVC.swift */ = {isa = PBXFileReference; fileEncoding = 4; lastKnownFileType = sourcecode.swift; path = TabBarVC.swift; sourceTree = "<group>"; };
		6ED409A41ECB27C50084E0A0 /* BaseVCViewController.swift */ = {isa = PBXFileReference; fileEncoding = 4; lastKnownFileType = sourcecode.swift; path = BaseVCViewController.swift; sourceTree = "<group>"; };
		7BA9129855EB468E3E3CC59B /* Pods-100000wp_iOS.release.xcconfig */ = {isa = PBXFileReference; includeInIndex = 1; lastKnownFileType = text.xcconfig; name = "Pods-100000wp_iOS.release.xcconfig"; path = "Pods/Target Support Files/Pods-100000wp_iOS/Pods-100000wp_iOS.release.xcconfig"; sourceTree = "<group>"; };
/* End PBXFileReference section */

/* Begin PBXFrameworksBuildPhase section */
		26E863BF1ECAD36400C495A1 /* Frameworks */ = {
			isa = PBXFrameworksBuildPhase;
			buildActionMask = 2147483647;
			files = (
				9E554ADEF8423F4FB6BAAB83 /* Pods_100000wp_iOS.framework in Frameworks */,
			);
			runOnlyForDeploymentPostprocessing = 0;
		};
		26E863D31ECAD36400C495A1 /* Frameworks */ = {
			isa = PBXFrameworksBuildPhase;
			buildActionMask = 2147483647;
			files = (
			);
			runOnlyForDeploymentPostprocessing = 0;
		};
		26E863DE1ECAD36400C495A1 /* Frameworks */ = {
			isa = PBXFrameworksBuildPhase;
			buildActionMask = 2147483647;
			files = (
			);
			runOnlyForDeploymentPostprocessing = 0;
		};
/* End PBXFrameworksBuildPhase section */

/* Begin PBXGroup section */
		0A6BFCE3BB1AFD7A19C9702E /* Pods */ = {
			isa = PBXGroup;
			children = (
				0BFF0872B085039105C02475 /* Pods-100000wp_iOS.debug.xcconfig */,
				7BA9129855EB468E3E3CC59B /* Pods-100000wp_iOS.release.xcconfig */,
			);
			name = Pods;
			sourceTree = "<group>";
		};
		26E863B91ECAD36400C495A1 = {
			isa = PBXGroup;
			children = (
				26E863C41ECAD36400C495A1 /* 100000wp_iOS */,
				26E863D91ECAD36400C495A1 /* 100000wp_iOSTests */,
				26E863E41ECAD36400C495A1 /* 100000wp_iOSUITests */,
				26E863C31ECAD36400C495A1 /* Products */,
				0A6BFCE3BB1AFD7A19C9702E /* Pods */,
				FF2685F116145D78DBFCCCA6 /* Frameworks */,
			);
			sourceTree = "<group>";
		};
		26E863C31ECAD36400C495A1 /* Products */ = {
			isa = PBXGroup;
			children = (
				26E863C21ECAD36400C495A1 /* 100000wp_iOS.app */,
				26E863D61ECAD36400C495A1 /* 100000wp_iOSTests.xctest */,
				26E863E11ECAD36400C495A1 /* 100000wp_iOSUITests.xctest */,
			);
			name = Products;
			sourceTree = "<group>";
		};
		26E863C41ECAD36400C495A1 /* 100000wp_iOS */ = {
			isa = PBXGroup;
			children = (
				6ED409941ECB23720084E0A0 /* Class */,
				6ED409981ECB23720084E0A0 /* General */,
				6ED4099B1ECB26B20084E0A0 /* Const */,
				6ED4099F1ECB27080084E0A0 /* Libs */,
				26E863C91ECAD36400C495A1 /* Main.storyboard */,
				26E863CC1ECAD36400C495A1 /* Assets.xcassets */,
				26E863CE1ECAD36400C495A1 /* LaunchScreen.storyboard */,
				26E863D11ECAD36400C495A1 /* Info.plist */,
			);
			path = 100000wp_iOS;
			sourceTree = "<group>";
		};
		26E863D91ECAD36400C495A1 /* 100000wp_iOSTests */ = {
			isa = PBXGroup;
			children = (
				26E863DA1ECAD36400C495A1 /* _00000wp_iOSTests.swift */,
				26E863DC1ECAD36400C495A1 /* Info.plist */,
			);
			path = 100000wp_iOSTests;
			sourceTree = "<group>";
		};
		26E863E41ECAD36400C495A1 /* 100000wp_iOSUITests */ = {
			isa = PBXGroup;
			children = (
				26E863E51ECAD36400C495A1 /* _00000wp_iOSUITests.swift */,
				26E863E71ECAD36400C495A1 /* Info.plist */,
			);
			path = 100000wp_iOSUITests;
			sourceTree = "<group>";
		};
		6ED409941ECB23720084E0A0 /* Class */ = {
			isa = PBXGroup;
			children = (
				6ED409951ECB23720084E0A0 /* AppDelegate.swift */,
				6ED409971ECB23720084E0A0 /* ViewController.swift */,
			);
			path = Class;
			sourceTree = "<group>";
		};
		6ED409981ECB23720084E0A0 /* General */ = {
			isa = PBXGroup;
			children = (
				6ED4099E1ECB26F20084E0A0 /* Base */,
				6ED4099C1ECB26C70084E0A0 /* Extension */,
				6ED4099D1ECB26C70084E0A0 /* Tool */,
			);
			path = General;
			sourceTree = "<group>";
		};
		6ED4099B1ECB26B20084E0A0 /* Const */ = {
			isa = PBXGroup;
			children = (
			);
			path = Const;
			sourceTree = "<group>";
		};
		6ED4099C1ECB26C70084E0A0 /* Extension */ = {
			isa = PBXGroup;
			children = (
			);
			path = Extension;
			sourceTree = "<group>";
		};
		6ED4099D1ECB26C70084E0A0 /* Tool */ = {
			isa = PBXGroup;
			children = (
			);
			path = Tool;
			sourceTree = "<group>";
		};
		6ED4099E1ECB26F20084E0A0 /* Base */ = {
			isa = PBXGroup;
			children = (
				6ED409A01ECB27980084E0A0 /* NavigationVC.swift */,
				6ED409A21ECB27AB0084E0A0 /* TabBarVC.swift */,
				6ED409A41ECB27C50084E0A0 /* BaseVCViewController.swift */,
			);
			path = Base;
			sourceTree = "<group>";
		};
		6ED4099F1ECB27080084E0A0 /* Libs */ = {
			isa = PBXGroup;
			children = (
			);
			name = Libs;
			path = Lib;
			sourceTree = "<group>";
		};
		FF2685F116145D78DBFCCCA6 /* Frameworks */ = {
			isa = PBXGroup;
			children = (
				2F22A4A811DA392D042EB9D2 /* Pods_100000wp_iOS.framework */,
			);
			name = Frameworks;
			sourceTree = "<group>";
		};
/* End PBXGroup section */

/* Begin PBXNativeTarget section */
		26E863C11ECAD36400C495A1 /* 100000wp_iOS */ = {
			isa = PBXNativeTarget;
			buildConfigurationList = 26E863EA1ECAD36400C495A1 /* Build configuration list for PBXNativeTarget "100000wp_iOS" */;
			buildPhases = (
				DDE6730BBED1E20E6BFA05D3 /* [CP] Check Pods Manifest.lock */,
				26E863BE1ECAD36400C495A1 /* Sources */,
				26E863BF1ECAD36400C495A1 /* Frameworks */,
				26E863C01ECAD36400C495A1 /* Resources */,
				0E1BC7E8911848B2F2E00D74 /* [CP] Embed Pods Frameworks */,
				FC5BAE0EF334092D3A8DCC16 /* [CP] Copy Pods Resources */,
			);
			buildRules = (
			);
			dependencies = (
			);
			name = 100000wp_iOS;
			productName = 100000wp_iOS;
			productReference = 26E863C21ECAD36400C495A1 /* 100000wp_iOS.app */;
			productType = "com.apple.product-type.application";
		};
		26E863D51ECAD36400C495A1 /* 100000wp_iOSTests */ = {
			isa = PBXNativeTarget;
			buildConfigurationList = 26E863ED1ECAD36400C495A1 /* Build configuration list for PBXNativeTarget "100000wp_iOSTests" */;
			buildPhases = (
				26E863D21ECAD36400C495A1 /* Sources */,
				26E863D31ECAD36400C495A1 /* Frameworks */,
				26E863D41ECAD36400C495A1 /* Resources */,
			);
			buildRules = (
			);
			dependencies = (
				26E863D81ECAD36400C495A1 /* PBXTargetDependency */,
			);
			name = 100000wp_iOSTests;
			productName = 100000wp_iOSTests;
			productReference = 26E863D61ECAD36400C495A1 /* 100000wp_iOSTests.xctest */;
			productType = "com.apple.product-type.bundle.unit-test";
		};
		26E863E01ECAD36400C495A1 /* 100000wp_iOSUITests */ = {
			isa = PBXNativeTarget;
			buildConfigurationList = 26E863F01ECAD36400C495A1 /* Build configuration list for PBXNativeTarget "100000wp_iOSUITests" */;
			buildPhases = (
				26E863DD1ECAD36400C495A1 /* Sources */,
				26E863DE1ECAD36400C495A1 /* Frameworks */,
				26E863DF1ECAD36400C495A1 /* Resources */,
			);
			buildRules = (
			);
			dependencies = (
				26E863E31ECAD36400C495A1 /* PBXTargetDependency */,
			);
			name = 100000wp_iOSUITests;
			productName = 100000wp_iOSUITests;
			productReference = 26E863E11ECAD36400C495A1 /* 100000wp_iOSUITests.xctest */;
			productType = "com.apple.product-type.bundle.ui-testing";
		};
/* End PBXNativeTarget section */

/* Begin PBXProject section */
		26E863BA1ECAD36400C495A1 /* Project object */ = {
			isa = PBXProject;
			attributes = {
				LastSwiftUpdateCheck = 0830;
				LastUpgradeCheck = 0830;
				ORGANIZATIONNAME = 100000wp;
				TargetAttributes = {
					26E863C11ECAD36400C495A1 = {
						CreatedOnToolsVersion = 8.3;
						DevelopmentTeam = BPTZ8B7HX9;
						ProvisioningStyle = Automatic;
					};
					26E863D51ECAD36400C495A1 = {
						CreatedOnToolsVersion = 8.3;
						DevelopmentTeam = BPTZ8B7HX9;
						ProvisioningStyle = Automatic;
						TestTargetID = 26E863C11ECAD36400C495A1;
					};
					26E863E01ECAD36400C495A1 = {
						CreatedOnToolsVersion = 8.3;
						DevelopmentTeam = BPTZ8B7HX9;
						ProvisioningStyle = Automatic;
						TestTargetID = 26E863C11ECAD36400C495A1;
					};
				};
			};
			buildConfigurationList = 26E863BD1ECAD36400C495A1 /* Build configuration list for PBXProject "100000wp_iOS" */;
			compatibilityVersion = "Xcode 3.2";
			developmentRegion = English;
			hasScannedForEncodings = 0;
			knownRegions = (
				en,
				Base,
			);
			mainGroup = 26E863B91ECAD36400C495A1;
			productRefGroup = 26E863C31ECAD36400C495A1 /* Products */;
			projectDirPath = "";
			projectRoot = "";
			targets = (
				26E863C11ECAD36400C495A1 /* 100000wp_iOS */,
				26E863D51ECAD36400C495A1 /* 100000wp_iOSTests */,
				26E863E01ECAD36400C495A1 /* 100000wp_iOSUITests */,
			);
		};
/* End PBXProject section */

/* Begin PBXResourcesBuildPhase section */
		26E863C01ECAD36400C495A1 /* Resources */ = {
			isa = PBXResourcesBuildPhase;
			buildActionMask = 2147483647;
			files = (
				26E863D01ECAD36400C495A1 /* LaunchScreen.storyboard in Resources */,
				26E863CD1ECAD36400C495A1 /* Assets.xcassets in Resources */,
				26E863CB1ECAD36400C495A1 /* Main.storyboard in Resources */,
			);
			runOnlyForDeploymentPostprocessing = 0;
		};
		26E863D41ECAD36400C495A1 /* Resources */ = {
			isa = PBXResourcesBuildPhase;
			buildActionMask = 2147483647;
			files = (
			);
			runOnlyForDeploymentPostprocessing = 0;
		};
		26E863DF1ECAD36400C495A1 /* Resources */ = {
			isa = PBXResourcesBuildPhase;
			buildActionMask = 2147483647;
			files = (
			);
			runOnlyForDeploymentPostprocessing = 0;
		};
/* End PBXResourcesBuildPhase section */

/* Begin PBXShellScriptBuildPhase section */
		0E1BC7E8911848B2F2E00D74 /* [CP] Embed Pods Frameworks */ = {
			isa = PBXShellScriptBuildPhase;
			buildActionMask = 2147483647;
			files = (
			);
			inputPaths = (
			);
			name = "[CP] Embed Pods Frameworks";
			outputPaths = (
			);
			runOnlyForDeploymentPostprocessing = 0;
			shellPath = /bin/sh;
			shellScript = "\"${SRCROOT}/Pods/Target Support Files/Pods-100000wp_iOS/Pods-100000wp_iOS-frameworks.sh\"\n";
			showEnvVarsInLog = 0;
		};
		DDE6730BBED1E20E6BFA05D3 /* [CP] Check Pods Manifest.lock */ = {
			isa = PBXShellScriptBuildPhase;
			buildActionMask = 2147483647;
			files = (
			);
			inputPaths = (
			);
			name = "[CP] Check Pods Manifest.lock";
			outputPaths = (
			);
			runOnlyForDeploymentPostprocessing = 0;
			shellPath = /bin/sh;
			shellScript = "diff \"${PODS_PODFILE_DIR_PATH}/Podfile.lock\" \"${PODS_ROOT}/Manifest.lock\" > /dev/null\nif [ $? != 0 ] ; then\n    # print error to STDERR\n    echo \"error: The sandbox is not in sync with the Podfile.lock. Run 'pod install' or update your CocoaPods installation.\" >&2\n    exit 1\nfi\n";
			showEnvVarsInLog = 0;
		};
		FC5BAE0EF334092D3A8DCC16 /* [CP] Copy Pods Resources */ = {
			isa = PBXShellScriptBuildPhase;
			buildActionMask = 2147483647;
			files = (
			);
			inputPaths = (
			);
			name = "[CP] Copy Pods Resources";
			outputPaths = (
			);
			runOnlyForDeploymentPostprocessing = 0;
			shellPath = /bin/sh;
			shellScript = "\"${SRCROOT}/Pods/Target Support Files/Pods-100000wp_iOS/Pods-100000wp_iOS-resources.sh\"\n";
			showEnvVarsInLog = 0;
		};
/* End PBXShellScriptBuildPhase section */

/* Begin PBXSourcesBuildPhase section */
		26E863BE1ECAD36400C495A1 /* Sources */ = {
			isa = PBXSourcesBuildPhase;
			buildActionMask = 2147483647;
			files = (
				6ED409A51ECB27C50084E0A0 /* BaseVCViewController.swift in Sources */,
				6ED409A11ECB27980084E0A0 /* NavigationVC.swift in Sources */,
				6ED409991ECB23720084E0A0 /* AppDelegate.swift in Sources */,
				6ED409A31ECB27AB0084E0A0 /* TabBarVC.swift in Sources */,
				6ED4099A1ECB23720084E0A0 /* ViewController.swift in Sources */,
			);
			runOnlyForDeploymentPostprocessing = 0;
		};
		26E863D21ECAD36400C495A1 /* Sources */ = {
			isa = PBXSourcesBuildPhase;
			buildActionMask = 2147483647;
			files = (
				26E863DB1ECAD36400C495A1 /* _00000wp_iOSTests.swift in Sources */,
			);
			runOnlyForDeploymentPostprocessing = 0;
		};
		26E863DD1ECAD36400C495A1 /* Sources */ = {
			isa = PBXSourcesBuildPhase;
			buildActionMask = 2147483647;
			files = (
				26E863E61ECAD36400C495A1 /* _00000wp_iOSUITests.swift in Sources */,
			);
			runOnlyForDeploymentPostprocessing = 0;
		};
/* End PBXSourcesBuildPhase section */

/* Begin PBXTargetDependency section */
		26E863D81ECAD36400C495A1 /* PBXTargetDependency */ = {
			isa = PBXTargetDependency;
			target = 26E863C11ECAD36400C495A1 /* 100000wp_iOS */;
			targetProxy = 26E863D71ECAD36400C495A1 /* PBXContainerItemProxy */;
		};
		26E863E31ECAD36400C495A1 /* PBXTargetDependency */ = {
			isa = PBXTargetDependency;
			target = 26E863C11ECAD36400C495A1 /* 100000wp_iOS */;
			targetProxy = 26E863E21ECAD36400C495A1 /* PBXContainerItemProxy */;
		};
/* End PBXTargetDependency section */

/* Begin PBXVariantGroup section */
		26E863C91ECAD36400C495A1 /* Main.storyboard */ = {
			isa = PBXVariantGroup;
			children = (
				26E863CA1ECAD36400C495A1 /* Base */,
			);
			name = Main.storyboard;
			sourceTree = "<group>";
		};
		26E863CE1ECAD36400C495A1 /* LaunchScreen.storyboard */ = {
			isa = PBXVariantGroup;
			children = (
				26E863CF1ECAD36400C495A1 /* Base */,
			);
			name = LaunchScreen.storyboard;
			sourceTree = "<group>";
		};
/* End PBXVariantGroup section */

/* Begin XCBuildConfiguration section */
		26E863E81ECAD36400C495A1 /* Debug */ = {
			isa = XCBuildConfiguration;
			buildSettings = {
				ALWAYS_SEARCH_USER_PATHS = NO;
				CLANG_ANALYZER_NONNULL = YES;
				CLANG_ANALYZER_NUMBER_OBJECT_CONVERSION = YES_AGGRESSIVE;
				CLANG_CXX_LANGUAGE_STANDARD = "gnu++0x";
				CLANG_CXX_LIBRARY = "libc++";
				CLANG_ENABLE_MODULES = YES;
				CLANG_ENABLE_OBJC_ARC = YES;
				CLANG_WARN_BOOL_CONVERSION = YES;
				CLANG_WARN_CONSTANT_CONVERSION = YES;
				CLANG_WARN_DIRECT_OBJC_ISA_USAGE = YES_ERROR;
				CLANG_WARN_DOCUMENTATION_COMMENTS = YES;
				CLANG_WARN_EMPTY_BODY = YES;
				CLANG_WARN_ENUM_CONVERSION = YES;
				CLANG_WARN_INFINITE_RECURSION = YES;
				CLANG_WARN_INT_CONVERSION = YES;
				CLANG_WARN_OBJC_ROOT_CLASS = YES_ERROR;
				CLANG_WARN_SUSPICIOUS_MOVE = YES;
				CLANG_WARN_UNREACHABLE_CODE = YES;
				CLANG_WARN__DUPLICATE_METHOD_MATCH = YES;
				"CODE_SIGN_IDENTITY[sdk=iphoneos*]" = "iPhone Developer";
				COPY_PHASE_STRIP = NO;
				DEBUG_INFORMATION_FORMAT = dwarf;
				ENABLE_STRICT_OBJC_MSGSEND = YES;
				ENABLE_TESTABILITY = YES;
				GCC_C_LANGUAGE_STANDARD = gnu99;
				GCC_DYNAMIC_NO_PIC = NO;
				GCC_NO_COMMON_BLOCKS = YES;
				GCC_OPTIMIZATION_LEVEL = 0;
				GCC_PREPROCESSOR_DEFINITIONS = (
					"DEBUG=1",
					"$(inherited)",
				);
				GCC_WARN_64_TO_32_BIT_CONVERSION = YES;
				GCC_WARN_ABOUT_RETURN_TYPE = YES_ERROR;
				GCC_WARN_UNDECLARED_SELECTOR = YES;
				GCC_WARN_UNINITIALIZED_AUTOS = YES_AGGRESSIVE;
				GCC_WARN_UNUSED_FUNCTION = YES;
				GCC_WARN_UNUSED_VARIABLE = YES;
				IPHONEOS_DEPLOYMENT_TARGET = 10.3;
				MTL_ENABLE_DEBUG_INFO = YES;
				ONLY_ACTIVE_ARCH = YES;
				SDKROOT = iphoneos;
				SWIFT_ACTIVE_COMPILATION_CONDITIONS = DEBUG;
				SWIFT_OPTIMIZATION_LEVEL = "-Onone";
			};
			name = Debug;
		};
		26E863E91ECAD36400C495A1 /* Release */ = {
			isa = XCBuildConfiguration;
			buildSettings = {
				ALWAYS_SEARCH_USER_PATHS = NO;
				CLANG_ANALYZER_NONNULL = YES;
				CLANG_ANALYZER_NUMBER_OBJECT_CONVERSION = YES_AGGRESSIVE;
				CLANG_CXX_LANGUAGE_STANDARD = "gnu++0x";
				CLANG_CXX_LIBRARY = "libc++";
				CLANG_ENABLE_MODULES = YES;
				CLANG_ENABLE_OBJC_ARC = YES;
				CLANG_WARN_BOOL_CONVERSION = YES;
				CLANG_WARN_CONSTANT_CONVERSION = YES;
				CLANG_WARN_DIRECT_OBJC_ISA_USAGE = YES_ERROR;
				CLANG_WARN_DOCUMENTATION_COMMENTS = YES;
				CLANG_WARN_EMPTY_BODY = YES;
				CLANG_WARN_ENUM_CONVERSION = YES;
				CLANG_WARN_INFINITE_RECURSION = YES;
				CLANG_WARN_INT_CONVERSION = YES;
				CLANG_WARN_OBJC_ROOT_CLASS = YES_ERROR;
				CLANG_WARN_SUSPICIOUS_MOVE = YES;
				CLANG_WARN_UNREACHABLE_CODE = YES;
				CLANG_WARN__DUPLICATE_METHOD_MATCH = YES;
				"CODE_SIGN_IDENTITY[sdk=iphoneos*]" = "iPhone Developer";
				COPY_PHASE_STRIP = NO;
				DEBUG_INFORMATION_FORMAT = "dwarf-with-dsym";
				ENABLE_NS_ASSERTIONS = NO;
				ENABLE_STRICT_OBJC_MSGSEND = YES;
				GCC_C_LANGUAGE_STANDARD = gnu99;
				GCC_NO_COMMON_BLOCKS = YES;
				GCC_WARN_64_TO_32_BIT_CONVERSION = YES;
				GCC_WARN_ABOUT_RETURN_TYPE = YES_ERROR;
				GCC_WARN_UNDECLARED_SELECTOR = YES;
				GCC_WARN_UNINITIALIZED_AUTOS = YES_AGGRESSIVE;
				GCC_WARN_UNUSED_FUNCTION = YES;
				GCC_WARN_UNUSED_VARIABLE = YES;
				IPHONEOS_DEPLOYMENT_TARGET = 10.3;
				MTL_ENABLE_DEBUG_INFO = NO;
				SDKROOT = iphoneos;
				SWIFT_OPTIMIZATION_LEVEL = "-Owholemodule";
				VALIDATE_PRODUCT = YES;
			};
			name = Release;
		};
		26E863EB1ECAD36400C495A1 /* Debug */ = {
			isa = XCBuildConfiguration;
			baseConfigurationReference = 0BFF0872B085039105C02475 /* Pods-100000wp_iOS.debug.xcconfig */;
			buildSettings = {
				ASSETCATALOG_COMPILER_APPICON_NAME = AppIcon;
				DEVELOPMENT_TEAM = BPTZ8B7HX9;
				INFOPLIST_FILE = 100000wp_iOS/Info.plist;
				LD_RUNPATH_SEARCH_PATHS = "$(inherited) @executable_path/Frameworks";
				PRODUCT_BUNDLE_IDENTIFIER = "-00000wp.-00000wp-iOS";
				PRODUCT_NAME = "$(TARGET_NAME)";
				SWIFT_VERSION = 3.0;
			};
			name = Debug;
		};
		26E863EC1ECAD36400C495A1 /* Release */ = {
			isa = XCBuildConfiguration;
			baseConfigurationReference = 7BA9129855EB468E3E3CC59B /* Pods-100000wp_iOS.release.xcconfig */;
			buildSettings = {
				ASSETCATALOG_COMPILER_APPICON_NAME = AppIcon;
				DEVELOPMENT_TEAM = BPTZ8B7HX9;
				INFOPLIST_FILE = 100000wp_iOS/Info.plist;
				LD_RUNPATH_SEARCH_PATHS = "$(inherited) @executable_path/Frameworks";
				PRODUCT_BUNDLE_IDENTIFIER = "-00000wp.-00000wp-iOS";
				PRODUCT_NAME = "$(TARGET_NAME)";
				SWIFT_VERSION = 3.0;
			};
			name = Release;
		};
		26E863EE1ECAD36400C495A1 /* Debug */ = {
			isa = XCBuildConfiguration;
			buildSettings = {
				ALWAYS_EMBED_SWIFT_STANDARD_LIBRARIES = YES;
				BUNDLE_LOADER = "$(TEST_HOST)";
				DEVELOPMENT_TEAM = BPTZ8B7HX9;
				INFOPLIST_FILE = 100000wp_iOSTests/Info.plist;
				LD_RUNPATH_SEARCH_PATHS = "$(inherited) @executable_path/Frameworks @loader_path/Frameworks";
				PRODUCT_BUNDLE_IDENTIFIER = "-00000wp.-00000wp-iOSTests";
				PRODUCT_NAME = "$(TARGET_NAME)";
				SWIFT_VERSION = 3.0;
				TEST_HOST = "$(BUILT_PRODUCTS_DIR)/100000wp_iOS.app/100000wp_iOS";
			};
			name = Debug;
		};
		26E863EF1ECAD36400C495A1 /* Release */ = {
			isa = XCBuildConfiguration;
			buildSettings = {
				ALWAYS_EMBED_SWIFT_STANDARD_LIBRARIES = YES;
				BUNDLE_LOADER = "$(TEST_HOST)";
				DEVELOPMENT_TEAM = BPTZ8B7HX9;
				INFOPLIST_FILE = 100000wp_iOSTests/Info.plist;
				LD_RUNPATH_SEARCH_PATHS = "$(inherited) @executable_path/Frameworks @loader_path/Frameworks";
				PRODUCT_BUNDLE_IDENTIFIER = "-00000wp.-00000wp-iOSTests";
				PRODUCT_NAME = "$(TARGET_NAME)";
				SWIFT_VERSION = 3.0;
				TEST_HOST = "$(BUILT_PRODUCTS_DIR)/100000wp_iOS.app/100000wp_iOS";
			};
			name = Release;
		};
		26E863F11ECAD36400C495A1 /* Debug */ = {
			isa = XCBuildConfiguration;
			buildSettings = {
				ALWAYS_EMBED_SWIFT_STANDARD_LIBRARIES = YES;
				DEVELOPMENT_TEAM = BPTZ8B7HX9;
				INFOPLIST_FILE = 100000wp_iOSUITests/Info.plist;
				LD_RUNPATH_SEARCH_PATHS = "$(inherited) @executable_path/Frameworks @loader_path/Frameworks";
				PRODUCT_BUNDLE_IDENTIFIER = "-00000wp.-00000wp-iOSUITests";
				PRODUCT_NAME = "$(TARGET_NAME)";
				SWIFT_VERSION = 3.0;
				TEST_TARGET_NAME = 100000wp_iOS;
			};
			name = Debug;
		};
		26E863F21ECAD36400C495A1 /* Release */ = {
			isa = XCBuildConfiguration;
			buildSettings = {
				ALWAYS_EMBED_SWIFT_STANDARD_LIBRARIES = YES;
				DEVELOPMENT_TEAM = BPTZ8B7HX9;
				INFOPLIST_FILE = 100000wp_iOSUITests/Info.plist;
				LD_RUNPATH_SEARCH_PATHS = "$(inherited) @executable_path/Frameworks @loader_path/Frameworks";
				PRODUCT_BUNDLE_IDENTIFIER = "-00000wp.-00000wp-iOSUITests";
				PRODUCT_NAME = "$(TARGET_NAME)";
				SWIFT_VERSION = 3.0;
				TEST_TARGET_NAME = 100000wp_iOS;
			};
			name = Release;
		};
/* End XCBuildConfiguration section */

/* Begin XCConfigurationList section */
		26E863BD1ECAD36400C495A1 /* Build configuration list for PBXProject "100000wp_iOS" */ = {
			isa = XCConfigurationList;
			buildConfigurations = (
				26E863E81ECAD36400C495A1 /* Debug */,
				26E863E91ECAD36400C495A1 /* Release */,
			);
			defaultConfigurationIsVisible = 0;
			defaultConfigurationName = Release;
		};
		26E863EA1ECAD36400C495A1 /* Build configuration list for PBXNativeTarget "100000wp_iOS" */ = {
			isa = XCConfigurationList;
			buildConfigurations = (
				26E863EB1ECAD36400C495A1 /* Debug */,
				26E863EC1ECAD36400C495A1 /* Release */,
			);
			defaultConfigurationIsVisible = 0;
			defaultConfigurationName = Release;
		};
		26E863ED1ECAD36400C495A1 /* Build configuration list for PBXNativeTarget "100000wp_iOSTests" */ = {
			isa = XCConfigurationList;
			buildConfigurations = (
				26E863EE1ECAD36400C495A1 /* Debug */,
				26E863EF1ECAD36400C495A1 /* Release */,
			);
			defaultConfigurationIsVisible = 0;
			defaultConfigurationName = Release;
		};
		26E863F01ECAD36400C495A1 /* Build configuration list for PBXNativeTarget "100000wp_iOSUITests" */ = {
			isa = XCConfigurationList;
			buildConfigurations = (
				26E863F11ECAD36400C495A1 /* Debug */,
				26E863F21ECAD36400C495A1 /* Release */,
			);
			defaultConfigurationIsVisible = 0;
			defaultConfigurationName = Release;
		};
/* End XCConfigurationList section */
	};
	rootObject = 26E863BA1ECAD36400C495A1 /* Project object */;
}
